
Microsoft Visual Studio Solution File, Format Version 12.00
# Visual Studio Version 17
VisualStudioVersion = 17.14.36623.8
MinimumVisualStudioVersion = 10.0.40219.1
Project("{FAE04EC0-301F-11D3-BF4B-00C04F79EFBC}") = "00-Variables", "00-variables\00-Variables.csproj", "{0D055BEB-29DC-462B-A082-81A94C36EDF3}"
EndProject
Project("{FAE04EC0-301F-11D3-BF4B-00C04F79EFBC}") = "01-TipoDeDato", "01-TipoDeDato\01-TipoDeDato.csproj", "{EECF8B02-B3A4-4E3A-BB0F-DF750C9A2923}"
EndProject
Project("{FAE04EC0-301F-11D3-BF4B-00C04F79EFBC}") = "03-Funciones", "03-Funciones\03-Funciones.csproj", "{7A86641C-1FF8-442F-9F27-1AC4E836E400}"
EndProject
Project("{FAE04EC0-301F-11D3-BF4B-00C04F79EFBC}") = "04-SentenciaIFElseIf", "04-SentenciaIFElseIf\04-SentenciaIFElseIf.csproj", "{57804E64-D962-4D1E-B8CF-D3B41658E1BC}"
EndProject
Project("{FAE04EC0-301F-11D3-BF4B-00C04F79EFBC}") = "05-SentenciaSwitch", "05-SentenciaSwitch\05-SentenciaSwitch.csproj", "{0FAD0E02-D529-47FC-9ADC-5BDD19D468BC}"
EndProject
Project("{FAE04EC0-301F-11D3-BF4B-00C04F79EFBC}") = "06-Arreglos", "06-Arreglos\06-Arreglos.csproj", "{E55299FA-22C6-4BFE-8163-6C72700DA46F}"
EndProject
Project("{FAE04EC0-301F-11D3-BF4B-00C04F79EFBC}") = "07-SentenciaWhileYDoWhile", "07-SentenciaWhileYDoWhile\07-SentenciaWhileYDoWhile.csproj", "{936A9B4C-617B-462F-BEF0-C801523FD80B}"
EndProject
Project("{2150E333-8FDC-42A3-9474-1A3956D46DE8}") = "00-Introduccion", "00-Introduccion", "{02EA681E-C7D8-13C7-8484-4AC65E1B71E8}"
EndProject
Project("{2150E333-8FDC-42A3-9474-1A3956D46DE8}") = "01-POO", "01-POO", "{21C77F7E-4C56-452F-99F8-51CDFF4F4DE2}"
EndProject
Project("{FAE04EC0-301F-11D3-BF4B-00C04F79EFBC}") = "00-ClasesYObjetos", "00-ClasesYObjetos\00-ClasesYObjetos.csproj", "{BA9696E2-E1A2-4E9C-A83B-2FDAD8507598}"
EndProject
Project("{FAE04EC0-301F-11D3-BF4B-00C04F79EFBC}") = "08-SentenciaFor", "08-SentenciaFor\08-SentenciaFor.csproj", "{F57A6E41-4A36-47E4-A755-54A35BE4FE63}"
EndProject
Project("{FAE04EC0-301F-11D3-BF4B-00C04F79EFBC}") = "01-Propiedades", "01-Propiedades\01-Propiedades.csproj", "{1FE238C8-57B4-4005-918F-04B793342ADB}"
EndProject
Project("{FAE04EC0-301F-11D3-BF4B-00C04F79EFBC}") = "000-POO", "000-POO\000-POO.csproj", "{4F3B48A4-C7D0-4332-9CD4-F83479E5E92D}"
EndProject
Project("{FAE04EC0-301F-11D3-BF4B-00C04F79EFBC}") = "09-Calculadora", "09-Calculadora\09-Calculadora.csproj", "{DEBC8C95-A789-4C1E-9012-991158E8F34B}"
EndProject
Project("{FAE04EC0-301F-11D3-BF4B-00C04F79EFBC}") = "10-GestionNotas", "10-GestionNotas\10-GestionNotas.csproj", "{056507FB-9F01-4BF1-8C88-0D191F103E69}"
EndProject
Project("{FAE04EC0-301F-11D3-BF4B-00C04F79EFBC}") = "02-Herencia", "02-Herencia\02-Herencia.csproj", "{8AC600FF-774F-45B2-8E70-B781DB1305DA}"
EndProject
Project("{FAE04EC0-301F-11D3-BF4B-00C04F79EFBC}") = "03-SobrecargaDeMetodos", "03-SobrecargaDeMetodos\03-SobrecargaDeMetodos.csproj", "{07E48375-3FFD-4A78-9FFF-CF5D4C4EB31A}"
EndProject
Project("{2150E333-8FDC-42A3-9474-1A3956D46DE8}") = "02-ListasYSentenciasForEach", "02-ListasYSentenciasForEach", "{5671A43F-BDA0-4F10-8FED-CCFE28E39E70}"
EndProject
Project("{FAE04EC0-301F-11D3-BF4B-00C04F79EFBC}") = "04-SobreescrituraDeMetodos", "04-SobreescrituraDeMetodos\04-SobreescrituraDeMetodos.csproj", "{6AD02C63-9470-4FFE-9D26-C1EA327E4DCF}"
EndProject
Project("{FAE04EC0-301F-11D3-BF4B-00C04F79EFBC}") = "05-Static", "05-Static\05-Static.csproj", "{D44C758A-A81B-4DF0-98E2-7E35855A7B72}"
EndProject
Project("{FAE04EC0-301F-11D3-BF4B-00C04F79EFBC}") = "06-JSON", "06-JSON\06-JSON.csproj", "{B9F2A6DA-EB45-4A4C-B223-62467562C039}"
EndProject
Project("{FAE04EC0-301F-11D3-BF4B-00C04F79EFBC}") = "07-SerializacionDeObjetos", "07-SerializacionDeObjetos\07-SerializacionDeObjetos.csproj", "{08EA3BF5-1108-4777-89C9-A846B7C6B68A}"
EndProject
Project("{FAE04EC0-301F-11D3-BF4B-00C04F79EFBC}") = "00-IntroduccionAListas", "00-IntroduccionAListas\00-IntroduccionAListas.csproj", "{7C9BB015-986D-49C0-BF24-40BA65CA0567}"
EndProject
Project("{FAE04EC0-301F-11D3-BF4B-00C04F79EFBC}") = "01-SentenciaForEach", "01-SentenciaForEach\01-SentenciaForEach.csproj", "{E5FFDFF5-25CF-42CF-8877-A19C5245A77F}"
EndProject
Project("{2150E333-8FDC-42A3-9474-1A3956D46DE8}") = "03-TiposDeDatosAnonimos", "03-TiposDeDatosAnonimos", "{FA51EBBA-CBC9-4BDF-9921-D1BF25FEACA0}"
EndProject
Project("{FAE04EC0-301F-11D3-BF4B-00C04F79EFBC}") = "00-TiposAnonimos", "00-TiposAnonimos\00-TiposAnonimos.csproj", "{F7112E9A-2382-478D-8E39-789204394403}"
EndProject
Project("{FAE04EC0-301F-11D3-BF4B-00C04F79EFBC}") = "00-Tuplas", "00-Tuplas\00-Tuplas.csproj", "{FA7A8115-F0A7-4191-AC78-11C84A2322A7}"
EndProject
Project("{2150E333-8FDC-42A3-9474-1A3956D46DE8}") = "04-Excepciones", "04-Excepciones", "{55FC38B5-F928-48BB-9B3D-5F7DF6F2F7BF}"
	ProjectSection(SolutionItems) = preProject
		texto.txt = texto.txt
	EndProjectSection
EndProject
Project("{FAE04EC0-301F-11D3-BF4B-00C04F79EFBC}") = "00-Excepciones", "00-Excepciones\00-Excepciones.csproj", "{C196131A-8461-4499-B9D3-D073E0ED8891}"
EndProject
Project("{2150E333-8FDC-42A3-9474-1A3956D46DE8}") = "05-BaseDeDatos", "05-BaseDeDatos", "{53E9AB65-91BD-4D54-94A3-C24BC83EDDC5}"
EndProject
Project("{FAE04EC0-301F-11D3-BF4B-00C04F79EFBC}") = "00-ConexionBD", "00-ConexionBD\00-ConexionBD.csproj", "{0A300CC5-6B76-4EE2-B94A-24545F666DE7}"
EndProject
Global
	GlobalSection(SolutionConfigurationPlatforms) = preSolution
		Debug|Any CPU = Debug|Any CPU
		Release|Any CPU = Release|Any CPU
	EndGlobalSection
	GlobalSection(ProjectConfigurationPlatforms) = postSolution
		{0D055BEB-29DC-462B-A082-81A94C36EDF3}.Debug|Any CPU.ActiveCfg = Debug|Any CPU
		{0D055BEB-29DC-462B-A082-81A94C36EDF3}.Debug|Any CPU.Build.0 = Debug|Any CPU
		{0D055BEB-29DC-462B-A082-81A94C36EDF3}.Release|Any CPU.ActiveCfg = Release|Any CPU
		{0D055BEB-29DC-462B-A082-81A94C36EDF3}.Release|Any CPU.Build.0 = Release|Any CPU
		{EECF8B02-B3A4-4E3A-BB0F-DF750C9A2923}.Debug|Any CPU.ActiveCfg = Debug|Any CPU
		{EECF8B02-B3A4-4E3A-BB0F-DF750C9A2923}.Debug|Any CPU.Build.0 = Debug|Any CPU
		{EECF8B02-B3A4-4E3A-BB0F-DF750C9A2923}.Release|Any CPU.ActiveCfg = Release|Any CPU
		{EECF8B02-B3A4-4E3A-BB0F-DF750C9A2923}.Release|Any CPU.Build.0 = Release|Any CPU
		{7A86641C-1FF8-442F-9F27-1AC4E836E400}.Debug|Any CPU.ActiveCfg = Debug|Any CPU
		{7A86641C-1FF8-442F-9F27-1AC4E836E400}.Debug|Any CPU.Build.0 = Debug|Any CPU
		{7A86641C-1FF8-442F-9F27-1AC4E836E400}.Release|Any CPU.ActiveCfg = Release|Any CPU
		{7A86641C-1FF8-442F-9F27-1AC4E836E400}.Release|Any CPU.Build.0 = Release|Any CPU
		{57804E64-D962-4D1E-B8CF-D3B41658E1BC}.Debug|Any CPU.ActiveCfg = Debug|Any CPU
		{57804E64-D962-4D1E-B8CF-D3B41658E1BC}.Debug|Any CPU.Build.0 = Debug|Any CPU
		{57804E64-D962-4D1E-B8CF-D3B41658E1BC}.Release|Any CPU.ActiveCfg = Release|Any CPU
		{57804E64-D962-4D1E-B8CF-D3B41658E1BC}.Release|Any CPU.Build.0 = Release|Any CPU
		{0FAD0E02-D529-47FC-9ADC-5BDD19D468BC}.Debug|Any CPU.ActiveCfg = Debug|Any CPU
		{0FAD0E02-D529-47FC-9ADC-5BDD19D468BC}.Debug|Any CPU.Build.0 = Debug|Any CPU
		{0FAD0E02-D529-47FC-9ADC-5BDD19D468BC}.Release|Any CPU.ActiveCfg = Release|Any CPU
		{0FAD0E02-D529-47FC-9ADC-5BDD19D468BC}.Release|Any CPU.Build.0 = Release|Any CPU
		{E55299FA-22C6-4BFE-8163-6C72700DA46F}.Debug|Any CPU.ActiveCfg = Debug|Any CPU
		{E55299FA-22C6-4BFE-8163-6C72700DA46F}.Debug|Any CPU.Build.0 = Debug|Any CPU
		{E55299FA-22C6-4BFE-8163-6C72700DA46F}.Release|Any CPU.ActiveCfg = Release|Any CPU
		{E55299FA-22C6-4BFE-8163-6C72700DA46F}.Release|Any CPU.Build.0 = Release|Any CPU
		{936A9B4C-617B-462F-BEF0-C801523FD80B}.Debug|Any CPU.ActiveCfg = Debug|Any CPU
		{936A9B4C-617B-462F-BEF0-C801523FD80B}.Debug|Any CPU.Build.0 = Debug|Any CPU
		{936A9B4C-617B-462F-BEF0-C801523FD80B}.Release|Any CPU.ActiveCfg = Release|Any CPU
		{936A9B4C-617B-462F-BEF0-C801523FD80B}.Release|Any CPU.Build.0 = Release|Any CPU
		{BA9696E2-E1A2-4E9C-A83B-2FDAD8507598}.Debug|Any CPU.ActiveCfg = Debug|Any CPU
		{BA9696E2-E1A2-4E9C-A83B-2FDAD8507598}.Debug|Any CPU.Build.0 = Debug|Any CPU
		{BA9696E2-E1A2-4E9C-A83B-2FDAD8507598}.Release|Any CPU.ActiveCfg = Release|Any CPU
		{BA9696E2-E1A2-4E9C-A83B-2FDAD8507598}.Release|Any CPU.Build.0 = Release|Any CPU
		{F57A6E41-4A36-47E4-A755-54A35BE4FE63}.Debug|Any CPU.ActiveCfg = Debug|Any CPU
		{F57A6E41-4A36-47E4-A755-54A35BE4FE63}.Debug|Any CPU.Build.0 = Debug|Any CPU
		{F57A6E41-4A36-47E4-A755-54A35BE4FE63}.Release|Any CPU.ActiveCfg = Release|Any CPU
		{F57A6E41-4A36-47E4-A755-54A35BE4FE63}.Release|Any CPU.Build.0 = Release|Any CPU
		{1FE238C8-57B4-4005-918F-04B793342ADB}.Debug|Any CPU.ActiveCfg = Debug|Any CPU
		{1FE238C8-57B4-4005-918F-04B793342ADB}.Debug|Any CPU.Build.0 = Debug|Any CPU
		{1FE238C8-57B4-4005-918F-04B793342ADB}.Release|Any CPU.ActiveCfg = Release|Any CPU
		{1FE238C8-57B4-4005-918F-04B793342ADB}.Release|Any CPU.Build.0 = Release|Any CPU
		{4F3B48A4-C7D0-4332-9CD4-F83479E5E92D}.Debug|Any CPU.ActiveCfg = Debug|Any CPU
		{4F3B48A4-C7D0-4332-9CD4-F83479E5E92D}.Debug|Any CPU.Build.0 = Debug|Any CPU
		{4F3B48A4-C7D0-4332-9CD4-F83479E5E92D}.Release|Any CPU.ActiveCfg = Release|Any CPU
		{4F3B48A4-C7D0-4332-9CD4-F83479E5E92D}.Release|Any CPU.Build.0 = Release|Any CPU
		{DEBC8C95-A789-4C1E-9012-991158E8F34B}.Debug|Any CPU.ActiveCfg = Debug|Any CPU
		{DEBC8C95-A789-4C1E-9012-991158E8F34B}.Debug|Any CPU.Build.0 = Debug|Any CPU
		{DEBC8C95-A789-4C1E-9012-991158E8F34B}.Release|Any CPU.ActiveCfg = Release|Any CPU
		{DEBC8C95-A789-4C1E-9012-991158E8F34B}.Release|Any CPU.Build.0 = Release|Any CPU
		{056507FB-9F01-4BF1-8C88-0D191F103E69}.Debug|Any CPU.ActiveCfg = Debug|Any CPU
		{056507FB-9F01-4BF1-8C88-0D191F103E69}.Debug|Any CPU.Build.0 = Debug|Any CPU
		{056507FB-9F01-4BF1-8C88-0D191F103E69}.Release|Any CPU.ActiveCfg = Release|Any CPU
		{056507FB-9F01-4BF1-8C88-0D191F103E69}.Release|Any CPU.Build.0 = Release|Any CPU
		{8AC600FF-774F-45B2-8E70-B781DB1305DA}.Debug|Any CPU.ActiveCfg = Debug|Any CPU
		{8AC600FF-774F-45B2-8E70-B781DB1305DA}.Debug|Any CPU.Build.0 = Debug|Any CPU
		{8AC600FF-774F-45B2-8E70-B781DB1305DA}.Release|Any CPU.ActiveCfg = Release|Any CPU
		{8AC600FF-774F-45B2-8E70-B781DB1305DA}.Release|Any CPU.Build.0 = Release|Any CPU
		{07E48375-3FFD-4A78-9FFF-CF5D4C4EB31A}.Debug|Any CPU.ActiveCfg = Debug|Any CPU
		{07E48375-3FFD-4A78-9FFF-CF5D4C4EB31A}.Debug|Any CPU.Build.0 = Debug|Any CPU
		{07E48375-3FFD-4A78-9FFF-CF5D4C4EB31A}.Release|Any CPU.ActiveCfg = Release|Any CPU
		{07E48375-3FFD-4A78-9FFF-CF5D4C4EB31A}.Release|Any CPU.Build.0 = Release|Any CPU
		{6AD02C63-9470-4FFE-9D26-C1EA327E4DCF}.Debug|Any CPU.ActiveCfg = Debug|Any CPU
		{6AD02C63-9470-4FFE-9D26-C1EA327E4DCF}.Debug|Any CPU.Build.0 = Debug|Any CPU
		{6AD02C63-9470-4FFE-9D26-C1EA327E4DCF}.Release|Any CPU.ActiveCfg = Release|Any CPU
		{6AD02C63-9470-4FFE-9D26-C1EA327E4DCF}.Release|Any CPU.Build.0 = Release|Any CPU
		{D44C758A-A81B-4DF0-98E2-7E35855A7B72}.Debug|Any CPU.ActiveCfg = Debug|Any CPU
		{D44C758A-A81B-4DF0-98E2-7E35855A7B72}.Debug|Any CPU.Build.0 = Debug|Any CPU
		{D44C758A-A81B-4DF0-98E2-7E35855A7B72}.Release|Any CPU.ActiveCfg = Release|Any CPU
		{D44C758A-A81B-4DF0-98E2-7E35855A7B72}.Release|Any CPU.Build.0 = Release|Any CPU
		{B9F2A6DA-EB45-4A4C-B223-62467562C039}.Debug|Any CPU.ActiveCfg = Debug|Any CPU
		{B9F2A6DA-EB45-4A4C-B223-62467562C039}.Debug|Any CPU.Build.0 = Debug|Any CPU
		{B9F2A6DA-EB45-4A4C-B223-62467562C039}.Release|Any CPU.ActiveCfg = Release|Any CPU
		{B9F2A6DA-EB45-4A4C-B223-62467562C039}.Release|Any CPU.Build.0 = Release|Any CPU
		{08EA3BF5-1108-4777-89C9-A846B7C6B68A}.Debug|Any CPU.ActiveCfg = Debug|Any CPU
		{08EA3BF5-1108-4777-89C9-A846B7C6B68A}.Debug|Any CPU.Build.0 = Debug|Any CPU
		{08EA3BF5-1108-4777-89C9-A846B7C6B68A}.Release|Any CPU.ActiveCfg = Release|Any CPU
		{08EA3BF5-1108-4777-89C9-A846B7C6B68A}.Release|Any CPU.Build.0 = Release|Any CPU
		{7C9BB015-986D-49C0-BF24-40BA65CA0567}.Debug|Any CPU.ActiveCfg = Debug|Any CPU
		{7C9BB015-986D-49C0-BF24-40BA65CA0567}.Debug|Any CPU.Build.0 = Debug|Any CPU
		{7C9BB015-986D-49C0-BF24-40BA65CA0567}.Release|Any CPU.ActiveCfg = Release|Any CPU
		{7C9BB015-986D-49C0-BF24-40BA65CA0567}.Release|Any CPU.Build.0 = Release|Any CPU
		{E5FFDFF5-25CF-42CF-8877-A19C5245A77F}.Debug|Any CPU.ActiveCfg = Debug|Any CPU
		{E5FFDFF5-25CF-42CF-8877-A19C5245A77F}.Debug|Any CPU.Build.0 = Debug|Any CPU
		{E5FFDFF5-25CF-42CF-8877-A19C5245A77F}.Release|Any CPU.ActiveCfg = Release|Any CPU
		{E5FFDFF5-25CF-42CF-8877-A19C5245A77F}.Release|Any CPU.Build.0 = Release|Any CPU
		{F7112E9A-2382-478D-8E39-789204394403}.Debug|Any CPU.ActiveCfg = Debug|Any CPU
		{F7112E9A-2382-478D-8E39-789204394403}.Debug|Any CPU.Build.0 = Debug|Any CPU
		{F7112E9A-2382-478D-8E39-789204394403}.Release|Any CPU.ActiveCfg = Release|Any CPU
		{F7112E9A-2382-478D-8E39-789204394403}.Release|Any CPU.Build.0 = Release|Any CPU
		{FA7A8115-F0A7-4191-AC78-11C84A2322A7}.Debug|Any CPU.ActiveCfg = Debug|Any CPU
		{FA7A8115-F0A7-4191-AC78-11C84A2322A7}.Debug|Any CPU.Build.0 = Debug|Any CPU
		{FA7A8115-F0A7-4191-AC78-11C84A2322A7}.Release|Any CPU.ActiveCfg = Release|Any CPU
		{FA7A8115-F0A7-4191-AC78-11C84A2322A7}.Release|Any CPU.Build.0 = Release|Any CPU
		{C196131A-8461-4499-B9D3-D073E0ED8891}.Debug|Any CPU.ActiveCfg = Debug|Any CPU
		{C196131A-8461-4499-B9D3-D073E0ED8891}.Debug|Any CPU.Build.0 = Debug|Any CPU
		{C196131A-8461-4499-B9D3-D073E0ED8891}.Release|Any CPU.ActiveCfg = Release|Any CPU
		{C196131A-8461-4499-B9D3-D073E0ED8891}.Release|Any CPU.Build.0 = Release|Any CPU
		{0A300CC5-6B76-4EE2-B94A-24545F666DE7}.Debug|Any CPU.ActiveCfg = Debug|Any CPU
		{0A300CC5-6B76-4EE2-B94A-24545F666DE7}.Debug|Any CPU.Build.0 = Debug|Any CPU
		{0A300CC5-6B76-4EE2-B94A-24545F666DE7}.Release|Any CPU.ActiveCfg = Release|Any CPU
		{0A300CC5-6B76-4EE2-B94A-24545F666DE7}.Release|Any CPU.Build.0 = Release|Any CPU
	EndGlobalSection
	GlobalSection(SolutionProperties) = preSolution
		HideSolutionNode = FALSE
	EndGlobalSection
	GlobalSection(NestedProjects) = preSolution
		{0D055BEB-29DC-462B-A082-81A94C36EDF3} = {02EA681E-C7D8-13C7-8484-4AC65E1B71E8}
		{EECF8B02-B3A4-4E3A-BB0F-DF750C9A2923} = {02EA681E-C7D8-13C7-8484-4AC65E1B71E8}
		{7A86641C-1FF8-442F-9F27-1AC4E836E400} = {02EA681E-C7D8-13C7-8484-4AC65E1B71E8}
		{57804E64-D962-4D1E-B8CF-D3B41658E1BC} = {02EA681E-C7D8-13C7-8484-4AC65E1B71E8}
		{0FAD0E02-D529-47FC-9ADC-5BDD19D468BC} = {02EA681E-C7D8-13C7-8484-4AC65E1B71E8}
		{E55299FA-22C6-4BFE-8163-6C72700DA46F} = {02EA681E-C7D8-13C7-8484-4AC65E1B71E8}
		{936A9B4C-617B-462F-BEF0-C801523FD80B} = {02EA681E-C7D8-13C7-8484-4AC65E1B71E8}
		{BA9696E2-E1A2-4E9C-A83B-2FDAD8507598} = {21C77F7E-4C56-452F-99F8-51CDFF4F4DE2}
		{F57A6E41-4A36-47E4-A755-54A35BE4FE63} = {02EA681E-C7D8-13C7-8484-4AC65E1B71E8}
		{1FE238C8-57B4-4005-918F-04B793342ADB} = {21C77F7E-4C56-452F-99F8-51CDFF4F4DE2}
		{4F3B48A4-C7D0-4332-9CD4-F83479E5E92D} = {21C77F7E-4C56-452F-99F8-51CDFF4F4DE2}
		{DEBC8C95-A789-4C1E-9012-991158E8F34B} = {02EA681E-C7D8-13C7-8484-4AC65E1B71E8}
		{056507FB-9F01-4BF1-8C88-0D191F103E69} = {02EA681E-C7D8-13C7-8484-4AC65E1B71E8}
		{8AC600FF-774F-45B2-8E70-B781DB1305DA} = {21C77F7E-4C56-452F-99F8-51CDFF4F4DE2}
		{07E48375-3FFD-4A78-9FFF-CF5D4C4EB31A} = {21C77F7E-4C56-452F-99F8-51CDFF4F4DE2}
		{6AD02C63-9470-4FFE-9D26-C1EA327E4DCF} = {21C77F7E-4C56-452F-99F8-51CDFF4F4DE2}
		{D44C758A-A81B-4DF0-98E2-7E35855A7B72} = {21C77F7E-4C56-452F-99F8-51CDFF4F4DE2}
		{B9F2A6DA-EB45-4A4C-B223-62467562C039} = {21C77F7E-4C56-452F-99F8-51CDFF4F4DE2}
		{08EA3BF5-1108-4777-89C9-A846B7C6B68A} = {21C77F7E-4C56-452F-99F8-51CDFF4F4DE2}
		{7C9BB015-986D-49C0-BF24-40BA65CA0567} = {5671A43F-BDA0-4F10-8FED-CCFE28E39E70}
		{E5FFDFF5-25CF-42CF-8877-A19C5245A77F} = {5671A43F-BDA0-4F10-8FED-CCFE28E39E70}
		{F7112E9A-2382-478D-8E39-789204394403} = {FA51EBBA-CBC9-4BDF-9921-D1BF25FEACA0}
		{FA7A8115-F0A7-4191-AC78-11C84A2322A7} = {FA51EBBA-CBC9-4BDF-9921-D1BF25FEACA0}
		{C196131A-8461-4499-B9D3-D073E0ED8891} = {55FC38B5-F928-48BB-9B3D-5F7DF6F2F7BF}
		{0A300CC5-6B76-4EE2-B94A-24545F666DE7} = {53E9AB65-91BD-4D54-94A3-C24BC83EDDC5}
	EndGlobalSection
	GlobalSection(ExtensibilityGlobals) = postSolution
		SolutionGuid = {71258AD2-0F2A-4092-84ED-1E3835203274}
	EndGlobalSection
EndGlobal
