
Microsoft Visual Studio Solution File, Format Version 12.00
# Visual Studio Version 17
VisualStudioVersion = 17.14.36623.8
MinimumVisualStudioVersion = 10.0.40219.1
Project("{FAE04EC0-301F-11D3-BF4B-00C04F79EFBC}") = "IntroPOO", "IntroPOO\IntroPOO.csproj", "{55E31BDA-88B8-4702-A5E1-8C9481AEBD2B}"
EndProject
Project("{2150E333-8FDC-42A3-9474-1A3956D46DE8}") = "CursoIntensivoC#", "CursoIntensivoC#", "{02EA681E-C7D8-13C7-8484-4AC65E1B71E8}"
EndProject
Project("{2150E333-8FDC-42A3-9474-1A3956D46DE8}") = "BackendDotNET", "BackendDotNET", "{D940B77A-2C9F-4D70-8E98-EF9820B89CA3}"
EndProject
Project("{FAE04EC0-301F-11D3-BF4B-00C04F79EFBC}") = "Interfaces", "Interfaces\Interfaces.csproj", "{8FE5960E-6BC5-4CF0-BC6B-B18F2F739FDC}"
EndProject
Project("{FAE04EC0-301F-11D3-BF4B-00C04F79EFBC}") = "SerializacionYDeserializacionJSON", "SerializacionYDeserializacionJSON\SerializacionYDeserializacionJSON.csproj", "{B21782FB-4761-466D-A0A7-359E92EF7E81}"
EndProject
Project("{FAE04EC0-301F-11D3-BF4B-00C04F79EFBC}") = "LINQ", "LINQ\LINQ.csproj", "{3A50F59E-763B-4508-95F6-0D8EE5308F67}"
EndProject
Global
	GlobalSection(SolutionConfigurationPlatforms) = preSolution
		Debug|Any CPU = Debug|Any CPU
		Release|Any CPU = Release|Any CPU
	EndGlobalSection
	GlobalSection(ProjectConfigurationPlatforms) = postSolution
		{55E31BDA-88B8-4702-A5E1-8C9481AEBD2B}.Debug|Any CPU.ActiveCfg = Debug|Any CPU
		{55E31BDA-88B8-4702-A5E1-8C9481AEBD2B}.Debug|Any CPU.Build.0 = Debug|Any CPU
		{55E31BDA-88B8-4702-A5E1-8C9481AEBD2B}.Release|Any CPU.ActiveCfg = Release|Any CPU
		{55E31BDA-88B8-4702-A5E1-8C9481AEBD2B}.Release|Any CPU.Build.0 = Release|Any CPU
		{8FE5960E-6BC5-4CF0-BC6B-B18F2F739FDC}.Debug|Any CPU.ActiveCfg = Debug|Any CPU
		{8FE5960E-6BC5-4CF0-BC6B-B18F2F739FDC}.Debug|Any CPU.Build.0 = Debug|Any CPU
		{8FE5960E-6BC5-4CF0-BC6B-B18F2F739FDC}.Release|Any CPU.ActiveCfg = Release|Any CPU
		{8FE5960E-6BC5-4CF0-BC6B-B18F2F739FDC}.Release|Any CPU.Build.0 = Release|Any CPU
		{B21782FB-4761-466D-A0A7-359E92EF7E81}.Debug|Any CPU.ActiveCfg = Debug|Any CPU
		{B21782FB-4761-466D-A0A7-359E92EF7E81}.Debug|Any CPU.Build.0 = Debug|Any CPU
		{B21782FB-4761-466D-A0A7-359E92EF7E81}.Release|Any CPU.ActiveCfg = Release|Any CPU
		{B21782FB-4761-466D-A0A7-359E92EF7E81}.Release|Any CPU.Build.0 = Release|Any CPU
		{3A50F59E-763B-4508-95F6-0D8EE5308F67}.Debug|Any CPU.ActiveCfg = Debug|Any CPU
		{3A50F59E-763B-4508-95F6-0D8EE5308F67}.Debug|Any CPU.Build.0 = Debug|Any CPU
		{3A50F59E-763B-4508-95F6-0D8EE5308F67}.Release|Any CPU.ActiveCfg = Release|Any CPU
		{3A50F59E-763B-4508-95F6-0D8EE5308F67}.Release|Any CPU.Build.0 = Release|Any CPU
	EndGlobalSection
	GlobalSection(SolutionProperties) = preSolution
		HideSolutionNode = FALSE
	EndGlobalSection
	GlobalSection(NestedProjects) = preSolution
		{55E31BDA-88B8-4702-A5E1-8C9481AEBD2B} = {02EA681E-C7D8-13C7-8484-4AC65E1B71E8}
		{8FE5960E-6BC5-4CF0-BC6B-B18F2F739FDC} = {02EA681E-C7D8-13C7-8484-4AC65E1B71E8}
		{B21782FB-4761-466D-A0A7-359E92EF7E81} = {02EA681E-C7D8-13C7-8484-4AC65E1B71E8}
		{3A50F59E-763B-4508-95F6-0D8EE5308F67} = {02EA681E-C7D8-13C7-8484-4AC65E1B71E8}
	EndGlobalSection
	GlobalSection(ExtensibilityGlobals) = postSolution
		SolutionGuid = {81566545-96CA-4685-A85B-5DA35DBBCE10}
	EndGlobalSection
EndGlobal
